
Microsoft Visual Studio Solution File, Format Version 12.00
# Visual Studio Version 16
VisualStudioVersion = 16.0.30204.135
MinimumVisualStudioVersion = 10.0.40219.1
Project("{FAE04EC0-301F-11D3-BF4B-00C04F79EFBC}") = "Biblioteka", "Biblioteka\Biblioteka.csproj", "{57D6DF74-E81A-422A-9664-A22D0DFA1DC5}"
EndProject
Global
	GlobalSection(SolutionConfigurationPlatforms) = preSolution
		Debug|Any CPU = Debug|Any CPU
		Release|Any CPU = Release|Any CPU
	EndGlobalSection
	GlobalSection(ProjectConfigurationPlatforms) = postSolution
		{57D6DF74-E81A-422A-9664-A22D0DFA1DC5}.Debug|Any CPU.ActiveCfg = Debug|Any CPU
		{57D6DF74-E81A-422A-9664-A22D0DFA1DC5}.Debug|Any CPU.Build.0 = Debug|Any CPU
		{57D6DF74-E81A-422A-9664-A22D0DFA1DC5}.Release|Any CPU.ActiveCfg = Release|Any CPU
		{57D6DF74-E81A-422A-9664-A22D0DFA1DC5}.Release|Any CPU.Build.0 = Release|Any CPU
	EndGlobalSection
	GlobalSection(SolutionProperties) = preSolution
		HideSolutionNode = FALSE
	EndGlobalSection
	GlobalSection(ExtensibilityGlobals) = postSolution
		SolutionGuid = {0DD3B9DE-3FDF-49B4-97E2-974EC821B60C}
	EndGlobalSection
EndGlobal
